
Microsoft Visual Studio Solution File, Format Version 11.00
# Visual Studio 2010
Project("{FAE04EC0-301F-11D3-BF4B-00C04F79EFBC}") = "Assembly-CSharp", "Assembly-CSharp.csproj", "{45296ED4-A557-22E5-248D-2DD003143944}"
EndProject
Project("{FAE04EC0-301F-11D3-BF4B-00C04F79EFBC}") = "Assembly-CSharp-firstpass", "Assembly-CSharp-firstpass.csproj", "{B90C592D-59B5-C577-F557-5E00CE3218D1}"
EndProject
Project("{FAE04EC0-301F-11D3-BF4B-00C04F79EFBC}") = "Assembly-CSharp-Editor-firstpass", "Assembly-CSharp-Editor-firstpass.csproj", "{7FD28782-9DA4-D7BC-393E-68BA0D4BB77E}"
EndProject
Global
	GlobalSection(SolutionConfigurationPlatforms) = preSolution
		Debug|Any CPU = Debug|Any CPU
		Release|Any CPU = Release|Any CPU
	EndGlobalSection
	GlobalSection(ProjectConfigurationPlatforms) = postSolution
		{45296ED4-A557-22E5-248D-2DD003143944}.Debug|Any CPU.ActiveCfg = Debug|Any CPU
		{45296ED4-A557-22E5-248D-2DD003143944}.Debug|Any CPU.Build.0 = Debug|Any CPU
		{45296ED4-A557-22E5-248D-2DD003143944}.Release|Any CPU.ActiveCfg = Release|Any CPU
		{45296ED4-A557-22E5-248D-2DD003143944}.Release|Any CPU.Build.0 = Release|Any CPU
		{B90C592D-59B5-C577-F557-5E00CE3218D1}.Debug|Any CPU.ActiveCfg = Debug|Any CPU
		{B90C592D-59B5-C577-F557-5E00CE3218D1}.Debug|Any CPU.Build.0 = Debug|Any CPU
		{B90C592D-59B5-C577-F557-5E00CE3218D1}.Release|Any CPU.ActiveCfg = Release|Any CPU
		{B90C592D-59B5-C577-F557-5E00CE3218D1}.Release|Any CPU.Build.0 = Release|Any CPU
		{7FD28782-9DA4-D7BC-393E-68BA0D4BB77E}.Debug|Any CPU.ActiveCfg = Debug|Any CPU
		{7FD28782-9DA4-D7BC-393E-68BA0D4BB77E}.Debug|Any CPU.Build.0 = Debug|Any CPU
		{7FD28782-9DA4-D7BC-393E-68BA0D4BB77E}.Release|Any CPU.ActiveCfg = Release|Any CPU
		{7FD28782-9DA4-D7BC-393E-68BA0D4BB77E}.Release|Any CPU.Build.0 = Release|Any CPU
	EndGlobalSection
	GlobalSection(SolutionProperties) = preSolution
		HideSolutionNode = FALSE
	EndGlobalSection
	GlobalSection(MonoDevelopProperties) = preSolution
		StartupItem = Assembly-CSharp.csproj
	EndGlobalSection
EndGlobal
